
Microsoft Visual Studio Solution File, Format Version 12.00
# Visual Studio 15
VisualStudioVersion = 15.0.28307.136
MinimumVisualStudioVersion = 10.0.40219.1
Project("{9A19103F-16F7-4668-BE54-9A1E7A4F7556}") = "Dfc.CourseDirectory.CourseMigrationTool", "src\Dfc.CourseDirectory.CourseMigrationTool\Dfc.CourseDirectory.CourseMigrationTool.csproj", "{0BF5967F-6B6D-4D19-864D-7D3BA8C67880}"
EndProject
Project("{9A19103F-16F7-4668-BE54-9A1E7A4F7556}") = "Dfc.CourseDirectory.Models", "src\Dfc.CourseDirectory.Models\Dfc.CourseDirectory.Models.csproj", "{69237D0A-A05C-4227-8A29-8F52681441A4}"
EndProject
Project("{9A19103F-16F7-4668-BE54-9A1E7A4F7556}") = "Dfc.CourseDirectory.Services", "src\Dfc.CourseDirectory.Services\Dfc.CourseDirectory.Services.csproj", "{4C8C4824-9200-418C-9C4F-D59DBEFEE500}"
EndProject
Project("{9A19103F-16F7-4668-BE54-9A1E7A4F7556}") = "Dfc.CourseDirectory.Common", "src\Dfc.CourseDirectory.Common\Dfc.CourseDirectory.Common.csproj", "{2B22625C-56F5-4D91-AC23-B05DED97DD72}"
EndProject
Project("{2150E333-8FDC-42A3-9474-1A3956D46DE8}") = "SQL", "SQL", "{84C1F5AF-3719-4E01-9E21-8E546B5D2174}"
	ProjectSection(SolutionItems) = preProject
		sql\CREATE_PROCEDURE_dfc_CourseTransferAdd.sql = sql\CREATE_PROCEDURE_dfc_CourseTransferAdd.sql
		sql\CREATE_PROCEDURE_dfc_CourseTransferCourseAuditAdd.sql = sql\CREATE_PROCEDURE_dfc_CourseTransferCourseAuditAdd.sql
		sql\CREATE_PROCEDURE_dfc_CourseTransferProviderAuditAdd.sql = sql\CREATE_PROCEDURE_dfc_CourseTransferProviderAuditAdd.sql
		sql\CREATE_PROCEDURE_dfc_CourseTransferUpdate.sql = sql\CREATE_PROCEDURE_dfc_CourseTransferUpdate.sql
		sql\CREATE_PROCEDURE_dfc_GetCourseInstancesByCourseId.sql = sql\CREATE_PROCEDURE_dfc_GetCourseInstancesByCourseId.sql
		sql\CREATE_PROCEDURE_dfc_GetCoursesByProviderUKPRN.sql = sql\CREATE_PROCEDURE_dfc_GetCoursesByProviderUKPRN.sql
		sql\CREATE_PROCEDURE_dfc_GetProviderUKPRNs.sql = sql\CREATE_PROCEDURE_dfc_GetProviderUKPRNs.sql
		sql\CREATE_TABLE_CourseMigration.sql = sql\CREATE_TABLE_CourseMigration.sql
		sql\CREATE_TABLE_CourseTransfer.sql = sql\CREATE_TABLE_CourseTransfer.sql
		sql\CREATE_TABLE_CourseTransfer_CourseAudit.sql = sql\CREATE_TABLE_CourseTransfer_CourseAudit.sql
		sql\CREATE_TABLE_CourseTransfer_ProviderAudit.sql = sql\CREATE_TABLE_CourseTransfer_ProviderAudit.sql
		sql\INSERT_4839_LiveProviders_Ukprns.sql = sql\INSERT_4839_LiveProviders_Ukprns.sql
		sql\Tribal_CREATE_TABLE_Course.sql = sql\Tribal_CREATE_TABLE_Course.sql
		sql\Tribal_CREATE_TABLE_CourseInstance.sql = sql\Tribal_CREATE_TABLE_CourseInstance.sql
		sql\Tribal_CREATE_TABLE_CourseInstanceStartDate.sql = sql\Tribal_CREATE_TABLE_CourseInstanceStartDate.sql
		sql\Tribal_CREATE_TABLE_CourseInstanceVenue.sql = sql\Tribal_CREATE_TABLE_CourseInstanceVenue.sql
		sql\Tribal_CREATE_TABLE_LearningAim.sql = sql\Tribal_CREATE_TABLE_LearningAim.sql
		sql\Tribal_CREATE_TABLE_Provider.sql = sql\Tribal_CREATE_TABLE_Provider.sql
	EndProjectSection
EndProject
Project("{9A19103F-16F7-4668-BE54-9A1E7A4F7556}") = "Dfc.CourseDirectory.CourseMigrationTool.Tests", "src\Dfc.CourseDirectory.CourseMigrationTool.Tests\Dfc.CourseDirectory.CourseMigrationTool.Tests.csproj", "{C1F0B4F7-E9B4-49F5-94D8-7A0F784B94B0}"
EndProject
Project("{2150E333-8FDC-42A3-9474-1A3956D46DE8}") = "UsersRolesUKPRNs", "UsersRolesUKPRNs", "{0C865450-C651-49CF-8D79-18C9E2566F58}"
	ProjectSection(SolutionItems) = preProject
		sql\UsersRolesUKPRNs\CREATE_PROCEDURE_dfc_GetUserAuthorisationDetailsByEmail.sql = sql\UsersRolesUKPRNs\CREATE_PROCEDURE_dfc_GetUserAuthorisationDetailsByEmail.sql
		sql\UsersRolesUKPRNs\CREATE_TABLE_AspNetRoles.sql = sql\UsersRolesUKPRNs\CREATE_TABLE_AspNetRoles.sql
		sql\UsersRolesUKPRNs\CREATE_TABLE_AspNetUserRoles.sql = sql\UsersRolesUKPRNs\CREATE_TABLE_AspNetUserRoles.sql
		sql\UsersRolesUKPRNs\CREATE_TABLE_AspNetUsers.sql = sql\UsersRolesUKPRNs\CREATE_TABLE_AspNetUsers.sql
		sql\UsersRolesUKPRNs\CREATE_TABLE_ProviderUser.sql = sql\UsersRolesUKPRNs\CREATE_TABLE_ProviderUser.sql
	EndProjectSection
EndProject
Project("{2150E333-8FDC-42A3-9474-1A3956D46DE8}") = "CD-MigrationScripts", "CD-MigrationScripts", "{26367CA2-ECB6-4028-959E-BD48D7981ABF}"
	ProjectSection(SolutionItems) = preProject
		sql\CD-MigrationScripts\CD-MigrationScripts.sql = sql\CD-MigrationScripts\CD-MigrationScripts.sql
	EndProjectSection
EndProject
Project("{9A19103F-16F7-4668-BE54-9A1E7A4F7556}") = "Dfc.CourseDirectory.ApprenticeshipMigrationTool", "src\Dfc.CourseDirectory.ApprenticeshipMigrationTool\Dfc.CourseDirectory.ApprenticeshipMigrationTool.csproj", "{25FAB0A2-7ABF-4E0C-A2D0-5DF0206DABC7}"
EndProject
Project("{2150E333-8FDC-42A3-9474-1A3956D46DE8}") = "Apprenticeships", "Apprenticeships", "{822094B2-261E-4078-9BD8-0DE6C61927F9}"
	ProjectSection(SolutionItems) = preProject
		sql\Apprenticeships\CREATE_PROCEDURE_dfc_GetApprenticeshipLocationsByApprenticeshipId.sql = sql\Apprenticeships\CREATE_PROCEDURE_dfc_GetApprenticeshipLocationsByApprenticeshipId.sql
		sql\Apprenticeships\CREATE_PROCEDURE_dfc_GetApprenticeshipsByProviderId.sql = sql\Apprenticeships\CREATE_PROCEDURE_dfc_GetApprenticeshipsByProviderId.sql
		sql\Apprenticeships\CREATE_PROCEDURE_dfc_GetDeliveryModesByApprenticeshipLocationId.sql = sql\Apprenticeships\CREATE_PROCEDURE_dfc_GetDeliveryModesByApprenticeshipLocationId.sql
		sql\Apprenticeships\CREATE_PROCEDURE_dfc_GetLocationByLocationIdPerProvider.sql = sql\Apprenticeships\CREATE_PROCEDURE_dfc_GetLocationByLocationIdPerProvider.sql
		sql\Apprenticeships\CREATE_PROCEDURE_dfc_GetProviderDetailsByUKPRN.sql = sql\Apprenticeships\CREATE_PROCEDURE_dfc_GetProviderDetailsByUKPRN.sql
	EndProjectSection
EndProject
Global
	GlobalSection(SolutionConfigurationPlatforms) = preSolution
		Debug|Any CPU = Debug|Any CPU
		Release|Any CPU = Release|Any CPU
	EndGlobalSection
	GlobalSection(ProjectConfigurationPlatforms) = postSolution
		{0BF5967F-6B6D-4D19-864D-7D3BA8C67880}.Debug|Any CPU.ActiveCfg = Debug|Any CPU
		{0BF5967F-6B6D-4D19-864D-7D3BA8C67880}.Debug|Any CPU.Build.0 = Debug|Any CPU
		{0BF5967F-6B6D-4D19-864D-7D3BA8C67880}.Release|Any CPU.ActiveCfg = Release|Any CPU
		{0BF5967F-6B6D-4D19-864D-7D3BA8C67880}.Release|Any CPU.Build.0 = Release|Any CPU
		{69237D0A-A05C-4227-8A29-8F52681441A4}.Debug|Any CPU.ActiveCfg = Debug|Any CPU
		{69237D0A-A05C-4227-8A29-8F52681441A4}.Debug|Any CPU.Build.0 = Debug|Any CPU
		{69237D0A-A05C-4227-8A29-8F52681441A4}.Release|Any CPU.ActiveCfg = Release|Any CPU
		{69237D0A-A05C-4227-8A29-8F52681441A4}.Release|Any CPU.Build.0 = Release|Any CPU
		{4C8C4824-9200-418C-9C4F-D59DBEFEE500}.Debug|Any CPU.ActiveCfg = Debug|Any CPU
		{4C8C4824-9200-418C-9C4F-D59DBEFEE500}.Debug|Any CPU.Build.0 = Debug|Any CPU
		{4C8C4824-9200-418C-9C4F-D59DBEFEE500}.Release|Any CPU.ActiveCfg = Release|Any CPU
		{4C8C4824-9200-418C-9C4F-D59DBEFEE500}.Release|Any CPU.Build.0 = Release|Any CPU
		{2B22625C-56F5-4D91-AC23-B05DED97DD72}.Debug|Any CPU.ActiveCfg = Debug|Any CPU
		{2B22625C-56F5-4D91-AC23-B05DED97DD72}.Debug|Any CPU.Build.0 = Debug|Any CPU
		{2B22625C-56F5-4D91-AC23-B05DED97DD72}.Release|Any CPU.ActiveCfg = Release|Any CPU
		{2B22625C-56F5-4D91-AC23-B05DED97DD72}.Release|Any CPU.Build.0 = Release|Any CPU
		{C1F0B4F7-E9B4-49F5-94D8-7A0F784B94B0}.Debug|Any CPU.ActiveCfg = Debug|Any CPU
		{C1F0B4F7-E9B4-49F5-94D8-7A0F784B94B0}.Debug|Any CPU.Build.0 = Debug|Any CPU
		{C1F0B4F7-E9B4-49F5-94D8-7A0F784B94B0}.Release|Any CPU.ActiveCfg = Release|Any CPU
		{C1F0B4F7-E9B4-49F5-94D8-7A0F784B94B0}.Release|Any CPU.Build.0 = Release|Any CPU
		{25FAB0A2-7ABF-4E0C-A2D0-5DF0206DABC7}.Debug|Any CPU.ActiveCfg = Debug|Any CPU
		{25FAB0A2-7ABF-4E0C-A2D0-5DF0206DABC7}.Debug|Any CPU.Build.0 = Debug|Any CPU
		{25FAB0A2-7ABF-4E0C-A2D0-5DF0206DABC7}.Release|Any CPU.ActiveCfg = Release|Any CPU
		{25FAB0A2-7ABF-4E0C-A2D0-5DF0206DABC7}.Release|Any CPU.Build.0 = Release|Any CPU
	EndGlobalSection
	GlobalSection(SolutionProperties) = preSolution
		HideSolutionNode = FALSE
	EndGlobalSection
	GlobalSection(NestedProjects) = preSolution
		{0C865450-C651-49CF-8D79-18C9E2566F58} = {84C1F5AF-3719-4E01-9E21-8E546B5D2174}
		{26367CA2-ECB6-4028-959E-BD48D7981ABF} = {84C1F5AF-3719-4E01-9E21-8E546B5D2174}
		{822094B2-261E-4078-9BD8-0DE6C61927F9} = {84C1F5AF-3719-4E01-9E21-8E546B5D2174}
	EndGlobalSection
	GlobalSection(ExtensibilityGlobals) = postSolution
		SolutionGuid = {39CDC23F-858E-4296-8FE4-FDC7F22FE61C}
	EndGlobalSection
EndGlobal
